github.com/cryzeck/irrdb v0.0.0-20200727190439-83344ffc2e2b h1:K4vTulTM448fxC8G2NMfWy6vjTwcaDyPFCy7hr8RIsI=
github.com/cryzeck/irrdb v0.0.0-20200727190439-83344ffc2e2b/go.mod h1:npVSIGDTN2reJU5+GW8wkeYYX7yM0K7rPy9C2dOme1s=
gopkg.in/check.v1 v0.0.0-20161208181325-20d25e280405/go.mod h1:Co6ibVJAznAaIkqp8huTwlJQCZ016jof/cbN4VW5Yz0=
gopkg.in/yaml.v2 v2.3.0 h1:clyUAQHOM3G0M3f5vQj7LuJrETvjVot3Z5el9nffUtU=
gopkg.in/yaml.v2 v2.3.0/go.mod h1:hI93XBmqTisBFMUTm0b8Fm+jr3Dg1NNxqwp+5A1VGuI=
